
Microsoft Visual Studio Solution File, Format Version 12.00
# Visual Studio Version 17
VisualStudioVersion = 17.11.35312.102
MinimumVisualStudioVersion = 10.0.40219.1
Project("{FAE04EC0-301F-11D3-BF4B-00C04F79EFBC}") = "MagicVilla_Api", "MagicVilla_Api\MagicVilla_Api.csproj", "{F12FA39F-E348-4DEA-8140-45B0FDB5DC38}"
EndProject
Global
	GlobalSection(SolutionConfigurationPlatforms) = preSolution
		Debug|Any CPU = Debug|Any CPU
		Release|Any CPU = Release|Any CPU
	EndGlobalSection
	GlobalSection(ProjectConfigurationPlatforms) = postSolution
		{F12FA39F-E348-4DEA-8140-45B0FDB5DC38}.Debug|Any CPU.ActiveCfg = Debug|Any CPU
		{F12FA39F-E348-4DEA-8140-45B0FDB5DC38}.Debug|Any CPU.Build.0 = Debug|Any CPU
		{F12FA39F-E348-4DEA-8140-45B0FDB5DC38}.Release|Any CPU.ActiveCfg = Release|Any CPU
		{F12FA39F-E348-4DEA-8140-45B0FDB5DC38}.Release|Any CPU.Build.0 = Release|Any CPU
	EndGlobalSection
	GlobalSection(SolutionProperties) = preSolution
		HideSolutionNode = FALSE
	EndGlobalSection
	GlobalSection(ExtensibilityGlobals) = postSolution
		SolutionGuid = {03EA32A1-2296-4472-97AA-AB671D330880}
	EndGlobalSection
EndGlobal
